
Microsoft Visual Studio Solution File, Format Version 12.00
# Visual Studio Version 17
VisualStudioVersion = 17.11.35327.3
MinimumVisualStudioVersion = 10.0.40219.1
Project("{9A19103F-16F7-4668-BE54-9A1E7A4F7556}") = "JWTAuthenticationManager", "JWTAuthenticationManager\JWTAuthenticationManager.csproj", "{F0B103EE-7261-4BB1-BECE-5B586DE652DA}"
EndProject
Project("{9A19103F-16F7-4668-BE54-9A1E7A4F7556}") = "PaybillAPI", "PaybillAPI\PaybillAPI.csproj", "{8B05ABDF-6832-4668-AF15-75A9F4E069A7}"
EndProject
Project("{FAE04EC0-301F-11D3-BF4B-00C04F79EFBC}") = "PaybillWinApp", "..\PaybillWinApp\PaybillWinApp.csproj", "{8AB7B34D-04C9-405A-8D23-EAF21DFFA4E8}"
EndProject
Global
	GlobalSection(SolutionConfigurationPlatforms) = preSolution
		Debug|Any CPU = Debug|Any CPU
		Release|Any CPU = Release|Any CPU
	EndGlobalSection
	GlobalSection(ProjectConfigurationPlatforms) = postSolution
		{F0B103EE-7261-4BB1-BECE-5B586DE652DA}.Debug|Any CPU.ActiveCfg = Debug|Any CPU
		{F0B103EE-7261-4BB1-BECE-5B586DE652DA}.Debug|Any CPU.Build.0 = Debug|Any CPU
		{F0B103EE-7261-4BB1-BECE-5B586DE652DA}.Release|Any CPU.ActiveCfg = Release|Any CPU
		{F0B103EE-7261-4BB1-BECE-5B586DE652DA}.Release|Any CPU.Build.0 = Release|Any CPU
		{8B05ABDF-6832-4668-AF15-75A9F4E069A7}.Debug|Any CPU.ActiveCfg = Debug|Any CPU
		{8B05ABDF-6832-4668-AF15-75A9F4E069A7}.Debug|Any CPU.Build.0 = Debug|Any CPU
		{8B05ABDF-6832-4668-AF15-75A9F4E069A7}.Release|Any CPU.ActiveCfg = Release|Any CPU
		{8B05ABDF-6832-4668-AF15-75A9F4E069A7}.Release|Any CPU.Build.0 = Release|Any CPU
		{8AB7B34D-04C9-405A-8D23-EAF21DFFA4E8}.Debug|Any CPU.ActiveCfg = Debug|Any CPU
		{8AB7B34D-04C9-405A-8D23-EAF21DFFA4E8}.Debug|Any CPU.Build.0 = Debug|Any CPU
		{8AB7B34D-04C9-405A-8D23-EAF21DFFA4E8}.Release|Any CPU.ActiveCfg = Release|Any CPU
		{8AB7B34D-04C9-405A-8D23-EAF21DFFA4E8}.Release|Any CPU.Build.0 = Release|Any CPU
	EndGlobalSection
	GlobalSection(SolutionProperties) = preSolution
		HideSolutionNode = FALSE
	EndGlobalSection
	GlobalSection(ExtensibilityGlobals) = postSolution
		SolutionGuid = {F66C3085-367E-4B28-AF47-80BF9C10D8AE}
	EndGlobalSection
EndGlobal
